// !$*UTF8*$!
{
	archiveVersion = 1;
	classes = {
	};
	objectVersion = 48;
	objects = {

/* Begin PBXBuildFile section */
		742244C61FEE222900B7C970 /* main.swift in Sources */ = {isa = PBXBuildFile; fileRef = 742244C51FEE222900B7C970 /* main.swift */; };
		742244CE1FEF19CC00B7C970 /* CPUState.swift in Sources */ = {isa = PBXBuildFile; fileRef = 742244CD1FEF19CC00B7C970 /* CPUState.swift */; };
		742244D01FF22D3400B7C970 /* CPU.swift in Sources */ = {isa = PBXBuildFile; fileRef = 742244CF1FF22D3400B7C970 /* CPU.swift */; };
		742244E01FF2325700B7C970 /* CPUTests.swift in Sources */ = {isa = PBXBuildFile; fileRef = 742244DF1FF2325700B7C970 /* CPUTests.swift */; };
		742244E11FF235DE00B7C970 /* CPUState.swift in Sources */ = {isa = PBXBuildFile; fileRef = 742244CD1FEF19CC00B7C970 /* CPUState.swift */; };
		742244E21FF235DE00B7C970 /* CPU.swift in Sources */ = {isa = PBXBuildFile; fileRef = 742244CF1FF22D3400B7C970 /* CPU.swift */; };
		742244E31FF235DE00B7C970 /* main.swift in Sources */ = {isa = PBXBuildFile; fileRef = 742244C51FEE222900B7C970 /* main.swift */; };
		745B1805202424DA00ACE369 /* Debugger.swift in Sources */ = {isa = PBXBuildFile; fileRef = 745B1804202424DA00ACE369 /* Debugger.swift */; };
		745B18062024262100ACE369 /* Debugger.swift in Sources */ = {isa = PBXBuildFile; fileRef = 745B1804202424DA00ACE369 /* Debugger.swift */; };
		745B181320242F3C00ACE369 /* rom in CopyFiles */ = {isa = PBXBuildFile; fileRef = 745B18082024295800ACE369 /* rom */; };
		745B181920245DB000ACE369 /* cpudiag.bin in CopyFiles */ = {isa = PBXBuildFile; fileRef = 745B181720245D3800ACE369 /* cpudiag.bin */; };
		745B181D2024866E00ACE369 /* ROM.swift in Sources */ = {isa = PBXBuildFile; fileRef = 745B181C2024866E00ACE369 /* ROM.swift */; };
		745B181F2024874E00ACE369 /* CPUDiag.swift in Sources */ = {isa = PBXBuildFile; fileRef = 745B181E2024874E00ACE369 /* CPUDiag.swift */; };
		74EF60DA201F10DB00FA0D79 /* Opcode.swift in Sources */ = {isa = PBXBuildFile; fileRef = 74EF60D9201F10DB00FA0D79 /* Opcode.swift */; };
		74EF60DB201F2DA300FA0D79 /* Opcode.swift in Sources */ = {isa = PBXBuildFile; fileRef = 74EF60D9201F10DB00FA0D79 /* Opcode.swift */; };
/* End PBXBuildFile section */

/* Begin PBXCopyFilesBuildPhase section */
		742244C01FEE222900B7C970 /* CopyFiles */ = {
			isa = PBXCopyFilesBuildPhase;
			buildActionMask = 12;
			dstPath = "";
			dstSubfolderSpec = 7;
			files = (
				745B181920245DB000ACE369 /* cpudiag.bin in CopyFiles */,
				745B181320242F3C00ACE369 /* rom in CopyFiles */,
			);
			runOnlyForDeploymentPostprocessing = 0;
		};
/* End PBXCopyFilesBuildPhase section */

/* Begin PBXFileReference section */
		742244C21FEE222900B7C970 /* Swift8080 */ = {isa = PBXFileReference; explicitFileType = "compiled.mach-o.executable"; includeInIndex = 0; path = Swift8080; sourceTree = BUILT_PRODUCTS_DIR; };
		742244C51FEE222900B7C970 /* main.swift */ = {isa = PBXFileReference; lastKnownFileType = sourcecode.swift; path = main.swift; sourceTree = "<group>"; };
		742244CD1FEF19CC00B7C970 /* CPUState.swift */ = {isa = PBXFileReference; lastKnownFileType = sourcecode.swift; path = CPUState.swift; sourceTree = "<group>"; };
		742244CF1FF22D3400B7C970 /* CPU.swift */ = {isa = PBXFileReference; lastKnownFileType = sourcecode.swift; path = CPU.swift; sourceTree = "<group>"; };
		742244D71FF231BD00B7C970 /* Swift8080Tests.xctest */ = {isa = PBXFileReference; explicitFileType = wrapper.cfbundle; includeInIndex = 0; path = Swift8080Tests.xctest; sourceTree = BUILT_PRODUCTS_DIR; };
		742244DB1FF231BD00B7C970 /* Info.plist */ = {isa = PBXFileReference; lastKnownFileType = text.plist.xml; path = Info.plist; sourceTree = "<group>"; };
		742244DF1FF2325700B7C970 /* CPUTests.swift */ = {isa = PBXFileReference; lastKnownFileType = sourcecode.swift; path = CPUTests.swift; sourceTree = "<group>"; };
		745B1804202424DA00ACE369 /* Debugger.swift */ = {isa = PBXFileReference; lastKnownFileType = sourcecode.swift; path = Debugger.swift; sourceTree = "<group>"; };
		745B18082024295800ACE369 /* rom */ = {isa = PBXFileReference; lastKnownFileType = file; path = rom; sourceTree = "<group>"; };
		745B181720245D3800ACE369 /* cpudiag.bin */ = {isa = PBXFileReference; lastKnownFileType = archive.macbinary; path = cpudiag.bin; sourceTree = "<group>"; };
		745B181B20245F2000ACE369 /* cpudiag.asm */ = {isa = PBXFileReference; lastKnownFileType = sourcecode.asm.asm; path = cpudiag.asm; sourceTree = "<group>"; };
		745B181C2024866E00ACE369 /* ROM.swift */ = {isa = PBXFileReference; lastKnownFileType = sourcecode.swift; path = ROM.swift; sourceTree = "<group>"; };
		745B181E2024874E00ACE369 /* CPUDiag.swift */ = {isa = PBXFileReference; lastKnownFileType = sourcecode.swift; path = CPUDiag.swift; sourceTree = "<group>"; };
		74EF60D9201F10DB00FA0D79 /* Opcode.swift */ = {isa = PBXFileReference; lastKnownFileType = sourcecode.swift; path = Opcode.swift; sourceTree = "<group>"; };
/* End PBXFileReference section */

/* Begin PBXFrameworksBuildPhase section */
		742244BF1FEE222900B7C970 /* Frameworks */ = {
			isa = PBXFrameworksBuildPhase;
			buildActionMask = 2147483647;
			files = (
			);
			runOnlyForDeploymentPostprocessing = 0;
		};
		742244D41FF231BD00B7C970 /* Frameworks */ = {
			isa = PBXFrameworksBuildPhase;
			buildActionMask = 2147483647;
			files = (
			);
			runOnlyForDeploymentPostprocessing = 0;
		};
/* End PBXFrameworksBuildPhase section */

/* Begin PBXGroup section */
		742244B91FEE222900B7C970 = {
			isa = PBXGroup;
			children = (
				742244C41FEE222900B7C970 /* Swift8080 */,
				742244D81FF231BD00B7C970 /* Swift8080Tests */,
				742244C31FEE222900B7C970 /* Products */,
			);
			sourceTree = "<group>";
		};
		742244C31FEE222900B7C970 /* Products */ = {
			isa = PBXGroup;
			children = (
				742244C21FEE222900B7C970 /* Swift8080 */,
				742244D71FF231BD00B7C970 /* Swift8080Tests.xctest */,
			);
			name = Products;
			sourceTree = "<group>";
		};
		742244C41FEE222900B7C970 /* Swift8080 */ = {
			isa = PBXGroup;
			children = (
				742244CF1FF22D3400B7C970 /* CPU.swift */,
				745B181E2024874E00ACE369 /* CPUDiag.swift */,
				742244CD1FEF19CC00B7C970 /* CPUState.swift */,
				745B1804202424DA00ACE369 /* Debugger.swift */,
				742244C51FEE222900B7C970 /* main.swift */,
				74EF60D9201F10DB00FA0D79 /* Opcode.swift */,
				745B181C2024866E00ACE369 /* ROM.swift */,
				745B180920242AA400ACE369 /* Resources */,
			);
			path = Swift8080;
			sourceTree = "<group>";
		};
		742244D81FF231BD00B7C970 /* Swift8080Tests */ = {
			isa = PBXGroup;
			children = (
				742244DB1FF231BD00B7C970 /* Info.plist */,
				742244DF1FF2325700B7C970 /* CPUTests.swift */,
			);
			path = Swift8080Tests;
			sourceTree = "<group>";
		};
		745B180920242AA400ACE369 /* Resources */ = {
			isa = PBXGroup;
			children = (
				745B181B20245F2000ACE369 /* cpudiag.asm */,
				745B181720245D3800ACE369 /* cpudiag.bin */,
				745B18082024295800ACE369 /* rom */,
			);
			path = Resources;
			sourceTree = "<group>";
		};
/* End PBXGroup section */

/* Begin PBXNativeTarget section */
		742244C11FEE222900B7C970 /* Swift8080 */ = {
			isa = PBXNativeTarget;
			buildConfigurationList = 742244C91FEE222900B7C970 /* Build configuration list for PBXNativeTarget "Swift8080" */;
			buildPhases = (
				742244BE1FEE222900B7C970 /* Sources */,
				742244BF1FEE222900B7C970 /* Frameworks */,
				742244C01FEE222900B7C970 /* CopyFiles */,
			);
			buildRules = (
			);
			dependencies = (
			);
			name = Swift8080;
			productName = "8080-emulator";
			productReference = 742244C21FEE222900B7C970 /* Swift8080 */;
			productType = "com.apple.product-type.tool";
		};
		742244D61FF231BD00B7C970 /* Swift8080Tests */ = {
			isa = PBXNativeTarget;
			buildConfigurationList = 742244DC1FF231BD00B7C970 /* Build configuration list for PBXNativeTarget "Swift8080Tests" */;
			buildPhases = (
				742244D31FF231BD00B7C970 /* Sources */,
				742244D41FF231BD00B7C970 /* Frameworks */,
				742244D51FF231BD00B7C970 /* Resources */,
			);
			buildRules = (
			);
			dependencies = (
			);
			name = Swift8080Tests;
			productName = "8080-emulatorTests";
			productReference = 742244D71FF231BD00B7C970 /* Swift8080Tests.xctest */;
			productType = "com.apple.product-type.bundle.unit-test";
		};
/* End PBXNativeTarget section */

/* Begin PBXProject section */
		742244BA1FEE222900B7C970 /* Project object */ = {
			isa = PBXProject;
			attributes = {
				LastSwiftUpdateCheck = 0920;
				LastUpgradeCheck = 0920;
				ORGANIZATIONNAME = humantree;
				TargetAttributes = {
					742244C11FEE222900B7C970 = {
						CreatedOnToolsVersion = 9.2;
						ProvisioningStyle = Automatic;
					};
					742244D61FF231BD00B7C970 = {
						CreatedOnToolsVersion = 9.2;
						LastSwiftMigration = 0920;
						ProvisioningStyle = Automatic;
					};
				};
			};
			buildConfigurationList = 742244BD1FEE222900B7C970 /* Build configuration list for PBXProject "Swift8080" */;
			compatibilityVersion = "Xcode 8.0";
			developmentRegion = en;
			hasScannedForEncodings = 0;
			knownRegions = (
				en,
			);
			mainGroup = 742244B91FEE222900B7C970;
			productRefGroup = 742244C31FEE222900B7C970 /* Products */;
			projectDirPath = "";
			projectRoot = "";
			targets = (
				742244C11FEE222900B7C970 /* Swift8080 */,
				742244D61FF231BD00B7C970 /* Swift8080Tests */,
			);
		};
/* End PBXProject section */

/* Begin PBXResourcesBuildPhase section */
		742244D51FF231BD00B7C970 /* Resources */ = {
			isa = PBXResourcesBuildPhase;
			buildActionMask = 2147483647;
			files = (
			);
			runOnlyForDeploymentPostprocessing = 0;
		};
/* End PBXResourcesBuildPhase section */

/* Begin PBXSourcesBuildPhase section */
		742244BE1FEE222900B7C970 /* Sources */ = {
			isa = PBXSourcesBuildPhase;
			buildActionMask = 2147483647;
			files = (
				745B181F2024874E00ACE369 /* CPUDiag.swift in Sources */,
				742244CE1FEF19CC00B7C970 /* CPUState.swift in Sources */,
				74EF60DA201F10DB00FA0D79 /* Opcode.swift in Sources */,
				745B181D2024866E00ACE369 /* ROM.swift in Sources */,
				742244C61FEE222900B7C970 /* main.swift in Sources */,
				745B1805202424DA00ACE369 /* Debugger.swift in Sources */,
				742244D01FF22D3400B7C970 /* CPU.swift in Sources */,
			);
			runOnlyForDeploymentPostprocessing = 0;
		};
		742244D31FF231BD00B7C970 /* Sources */ = {
			isa = PBXSourcesBuildPhase;
			buildActionMask = 2147483647;
			files = (
				745B18062024262100ACE369 /* Debugger.swift in Sources */,
				74EF60DB201F2DA300FA0D79 /* Opcode.swift in Sources */,
				742244E11FF235DE00B7C970 /* CPUState.swift in Sources */,
				742244E01FF2325700B7C970 /* CPUTests.swift in Sources */,
				742244E31FF235DE00B7C970 /* main.swift in Sources */,
				742244E21FF235DE00B7C970 /* CPU.swift in Sources */,
			);
			runOnlyForDeploymentPostprocessing = 0;
		};
/* End PBXSourcesBuildPhase section */

/* Begin XCBuildConfiguration section */
		742244C71FEE222900B7C970 /* Debug */ = {
			isa = XCBuildConfiguration;
			buildSettings = {
				ALWAYS_SEARCH_USER_PATHS = NO;
				CLANG_ANALYZER_NONNULL = YES;
				CLANG_ANALYZER_NUMBER_OBJECT_CONVERSION = YES_AGGRESSIVE;
				CLANG_CXX_LANGUAGE_STANDARD = "gnu++14";
				CLANG_CXX_LIBRARY = "libc++";
				CLANG_ENABLE_MODULES = YES;
				CLANG_ENABLE_OBJC_ARC = YES;
				CLANG_WARN_BLOCK_CAPTURE_AUTORELEASING = YES;
				CLANG_WARN_BOOL_CONVERSION = YES;
				CLANG_WARN_COMMA = YES;
				CLANG_WARN_CONSTANT_CONVERSION = YES;
				CLANG_WARN_DIRECT_OBJC_ISA_USAGE = YES_ERROR;
				CLANG_WARN_DOCUMENTATION_COMMENTS = YES;
				CLANG_WARN_EMPTY_BODY = YES;
				CLANG_WARN_ENUM_CONVERSION = YES;
				CLANG_WARN_INFINITE_RECURSION = YES;
				CLANG_WARN_INT_CONVERSION = YES;
				CLANG_WARN_NON_LITERAL_NULL_CONVERSION = YES;
				CLANG_WARN_OBJC_LITERAL_CONVERSION = YES;
				CLANG_WARN_OBJC_ROOT_CLASS = YES_ERROR;
				CLANG_WARN_RANGE_LOOP_ANALYSIS = YES;
				CLANG_WARN_STRICT_PROTOTYPES = YES;
				CLANG_WARN_SUSPICIOUS_MOVE = YES;
				CLANG_WARN_UNGUARDED_AVAILABILITY = YES_AGGRESSIVE;
				CLANG_WARN_UNREACHABLE_CODE = YES;
				CLANG_WARN__DUPLICATE_METHOD_MATCH = YES;
				CODE_SIGN_IDENTITY = "Mac Developer";
				COPY_PHASE_STRIP = NO;
				DEBUG_INFORMATION_FORMAT = dwarf;
				ENABLE_STRICT_OBJC_MSGSEND = YES;
				ENABLE_TESTABILITY = YES;
				GCC_C_LANGUAGE_STANDARD = gnu11;
				GCC_DYNAMIC_NO_PIC = NO;
				GCC_NO_COMMON_BLOCKS = YES;
				GCC_OPTIMIZATION_LEVEL = 0;
				GCC_PREPROCESSOR_DEFINITIONS = (
					"DEBUG=1",
					"$(inherited)",
				);
				GCC_WARN_64_TO_32_BIT_CONVERSION = YES;
				GCC_WARN_ABOUT_RETURN_TYPE = YES_ERROR;
				GCC_WARN_UNDECLARED_SELECTOR = YES;
				GCC_WARN_UNINITIALIZED_AUTOS = YES_AGGRESSIVE;
				GCC_WARN_UNUSED_FUNCTION = YES;
				GCC_WARN_UNUSED_VARIABLE = YES;
				MACOSX_DEPLOYMENT_TARGET = 10.12;
				MTL_ENABLE_DEBUG_INFO = YES;
				ONLY_ACTIVE_ARCH = YES;
				SDKROOT = macosx;
				SWIFT_ACTIVE_COMPILATION_CONDITIONS = DEBUG;
				SWIFT_OPTIMIZATION_LEVEL = "-Onone";
			};
			name = Debug;
		};
		742244C81FEE222900B7C970 /* Release */ = {
			isa = XCBuildConfiguration;
			buildSettings = {
				ALWAYS_SEARCH_USER_PATHS = NO;
				CLANG_ANALYZER_NONNULL = YES;
				CLANG_ANALYZER_NUMBER_OBJECT_CONVERSION = YES_AGGRESSIVE;
				CLANG_CXX_LANGUAGE_STANDARD = "gnu++14";
				CLANG_CXX_LIBRARY = "libc++";
				CLANG_ENABLE_MODULES = YES;
				CLANG_ENABLE_OBJC_ARC = YES;
				CLANG_WARN_BLOCK_CAPTURE_AUTORELEASING = YES;
				CLANG_WARN_BOOL_CONVERSION = YES;
				CLANG_WARN_COMMA = YES;
				CLANG_WARN_CONSTANT_CONVERSION = YES;
				CLANG_WARN_DIRECT_OBJC_ISA_USAGE = YES_ERROR;
				CLANG_WARN_DOCUMENTATION_COMMENTS = YES;
				CLANG_WARN_EMPTY_BODY = YES;
				CLANG_WARN_ENUM_CONVERSION = YES;
				CLANG_WARN_INFINITE_RECURSION = YES;
				CLANG_WARN_INT_CONVERSION = YES;
				CLANG_WARN_NON_LITERAL_NULL_CONVERSION = YES;
				CLANG_WARN_OBJC_LITERAL_CONVERSION = YES;
				CLANG_WARN_OBJC_ROOT_CLASS = YES_ERROR;
				CLANG_WARN_RANGE_LOOP_ANALYSIS = YES;
				CLANG_WARN_STRICT_PROTOTYPES = YES;
				CLANG_WARN_SUSPICIOUS_MOVE = YES;
				CLANG_WARN_UNGUARDED_AVAILABILITY = YES_AGGRESSIVE;
				CLANG_WARN_UNREACHABLE_CODE = YES;
				CLANG_WARN__DUPLICATE_METHOD_MATCH = YES;
				CODE_SIGN_IDENTITY = "Mac Developer";
				COPY_PHASE_STRIP = NO;
				DEBUG_INFORMATION_FORMAT = "dwarf-with-dsym";
				ENABLE_NS_ASSERTIONS = NO;
				ENABLE_STRICT_OBJC_MSGSEND = YES;
				GCC_C_LANGUAGE_STANDARD = gnu11;
				GCC_NO_COMMON_BLOCKS = YES;
				GCC_WARN_64_TO_32_BIT_CONVERSION = YES;
				GCC_WARN_ABOUT_RETURN_TYPE = YES_ERROR;
				GCC_WARN_UNDECLARED_SELECTOR = YES;
				GCC_WARN_UNINITIALIZED_AUTOS = YES_AGGRESSIVE;
				GCC_WARN_UNUSED_FUNCTION = YES;
				GCC_WARN_UNUSED_VARIABLE = YES;
				MACOSX_DEPLOYMENT_TARGET = 10.12;
				MTL_ENABLE_DEBUG_INFO = NO;
				SDKROOT = macosx;
				SWIFT_OPTIMIZATION_LEVEL = "-Owholemodule";
			};
			name = Release;
		};
		742244CA1FEE222900B7C970 /* Debug */ = {
			isa = XCBuildConfiguration;
			buildSettings = {
				CODE_SIGN_STYLE = Automatic;
				DEVELOPMENT_TEAM = S2DH54WNF7;
				PRODUCT_NAME = "$(TARGET_NAME)";
				SWIFT_VERSION = 4.0;
			};
			name = Debug;
		};
		742244CB1FEE222900B7C970 /* Release */ = {
			isa = XCBuildConfiguration;
			buildSettings = {
				CODE_SIGN_STYLE = Automatic;
				DEVELOPMENT_TEAM = S2DH54WNF7;
				PRODUCT_NAME = "$(TARGET_NAME)";
				SWIFT_VERSION = 4.0;
			};
			name = Release;
		};
		742244DD1FF231BD00B7C970 /* Debug */ = {
			isa = XCBuildConfiguration;
			buildSettings = {
				CLANG_ENABLE_MODULES = YES;
				CODE_SIGN_STYLE = Automatic;
				COMBINE_HIDPI_IMAGES = YES;
				DEVELOPMENT_TEAM = S2DH54WNF7;
				INFOPLIST_FILE = Swift8080Tests/Info.plist;
				LD_RUNPATH_SEARCH_PATHS = "$(inherited) @executable_path/../Frameworks @loader_path/../Frameworks";
				PRODUCT_BUNDLE_IDENTIFIER = "humantree.-080-emulatorTests";
				PRODUCT_NAME = "$(TARGET_NAME)";
				SWIFT_OPTIMIZATION_LEVEL = "-Onone";
				SWIFT_VERSION = 4.0;
			};
			name = Debug;
		};
		742244DE1FF231BD00B7C970 /* Release */ = {
			isa = XCBuildConfiguration;
			buildSettings = {
				CLANG_ENABLE_MODULES = YES;
				CODE_SIGN_STYLE = Automatic;
				COMBINE_HIDPI_IMAGES = YES;
				DEVELOPMENT_TEAM = S2DH54WNF7;
				INFOPLIST_FILE = Swift8080Tests/Info.plist;
				LD_RUNPATH_SEARCH_PATHS = "$(inherited) @executable_path/../Frameworks @loader_path/../Frameworks";
				PRODUCT_BUNDLE_IDENTIFIER = "humantree.-080-emulatorTests";
				PRODUCT_NAME = "$(TARGET_NAME)";
				SWIFT_VERSION = 4.0;
			};
			name = Release;
		};
/* End XCBuildConfiguration section */

/* Begin XCConfigurationList section */
		742244BD1FEE222900B7C970 /* Build configuration list for PBXProject "Swift8080" */ = {
			isa = XCConfigurationList;
			buildConfigurations = (
				742244C71FEE222900B7C970 /* Debug */,
				742244C81FEE222900B7C970 /* Release */,
			);
			defaultConfigurationIsVisible = 0;
			defaultConfigurationName = Release;
		};
		742244C91FEE222900B7C970 /* Build configuration list for PBXNativeTarget "Swift8080" */ = {
			isa = XCConfigurationList;
			buildConfigurations = (
				742244CA1FEE222900B7C970 /* Debug */,
				742244CB1FEE222900B7C970 /* Release */,
			);
			defaultConfigurationIsVisible = 0;
			defaultConfigurationName = Release;
		};
		742244DC1FF231BD00B7C970 /* Build configuration list for PBXNativeTarget "Swift8080Tests" */ = {
			isa = XCConfigurationList;
			buildConfigurations = (
				742244DD1FF231BD00B7C970 /* Debug */,
				742244DE1FF231BD00B7C970 /* Release */,
			);
			defaultConfigurationIsVisible = 0;
			defaultConfigurationName = Release;
		};
/* End XCConfigurationList section */
	};
	rootObject = 742244BA1FEE222900B7C970 /* Project object */;
}
